
Microsoft Visual Studio Solution File, Format Version 12.00
# Visual Studio Version 17
VisualStudioVersion = 17.0.32112.339
MinimumVisualStudioVersion = 10.0.40219.1
Project("{8BC9CEB8-8B4A-11D0-8D11-00A0C91BC942}") = "DynamicPolymorphismMetaclasses", "DynamicPolymorphismMetaclasses\DynamicPolymorphismMetaclasses.vcxproj", "{87B59AA1-CBB4-4E1B-802F-BF748F958CED}"
EndProject
Project("{8BC9CEB8-8B4A-11D0-8D11-00A0C91BC942}") = "Experimental", "Experimental\Experimental.vcxproj", "{D8797D15-A52A-4F0A-8A43-43A94C802866}"
EndProject
Global
	GlobalSection(SolutionConfigurationPlatforms) = preSolution
		Debug|x64 = Debug|x64
		Debug|x86 = Debug|x86
		Release|x64 = Release|x64
		Release|x86 = Release|x86
	EndGlobalSection
	GlobalSection(ProjectConfigurationPlatforms) = postSolution
		{87B59AA1-CBB4-4E1B-802F-BF748F958CED}.Debug|x64.ActiveCfg = Debug|x64
		{87B59AA1-CBB4-4E1B-802F-BF748F958CED}.Debug|x64.Build.0 = Debug|x64
		{87B59AA1-CBB4-4E1B-802F-BF748F958CED}.Debug|x86.ActiveCfg = Debug|Win32
		{87B59AA1-CBB4-4E1B-802F-BF748F958CED}.Debug|x86.Build.0 = Debug|Win32
		{87B59AA1-CBB4-4E1B-802F-BF748F958CED}.Release|x64.ActiveCfg = Release|x64
		{87B59AA1-CBB4-4E1B-802F-BF748F958CED}.Release|x64.Build.0 = Release|x64
		{87B59AA1-CBB4-4E1B-802F-BF748F958CED}.Release|x86.ActiveCfg = Release|Win32
		{87B59AA1-CBB4-4E1B-802F-BF748F958CED}.Release|x86.Build.0 = Release|Win32
		{D8797D15-A52A-4F0A-8A43-43A94C802866}.Debug|x64.ActiveCfg = Debug|x64
		{D8797D15-A52A-4F0A-8A43-43A94C802866}.Debug|x64.Build.0 = Debug|x64
		{D8797D15-A52A-4F0A-8A43-43A94C802866}.Debug|x86.ActiveCfg = Debug|Win32
		{D8797D15-A52A-4F0A-8A43-43A94C802866}.Debug|x86.Build.0 = Debug|Win32
		{D8797D15-A52A-4F0A-8A43-43A94C802866}.Release|x64.ActiveCfg = Release|x64
		{D8797D15-A52A-4F0A-8A43-43A94C802866}.Release|x64.Build.0 = Release|x64
		{D8797D15-A52A-4F0A-8A43-43A94C802866}.Release|x86.ActiveCfg = Release|Win32
		{D8797D15-A52A-4F0A-8A43-43A94C802866}.Release|x86.Build.0 = Release|Win32
	EndGlobalSection
	GlobalSection(SolutionProperties) = preSolution
		HideSolutionNode = FALSE
	EndGlobalSection
	GlobalSection(ExtensibilityGlobals) = postSolution
		SolutionGuid = {3F4906A9-895F-434C-ADD6-ACF133D8644E}
	EndGlobalSection
EndGlobal
